Microsoft Visual Studio Solution File, Format Version 10.00
# Visual C++ Express 2008
Project("{8BC9CEB8-8B4A-11D0-8D11-00A0C91BC942}") = "patchdiff2", "patchdiff2.vcproj", "{16CA7C60-D496-40BF-BBB0-DF2D5F204C68}"
EndProject
Global
	GlobalSection(SolutionConfigurationPlatforms) = preSolution
		Debug|Win32 = Debug|Win32
		patchdiff2|Win32 = patchdiff2|Win32
		patchdiff264|Win32 = patchdiff264|Win32
		Release|Win32 = Release|Win32
	EndGlobalSection
	GlobalSection(ProjectConfigurationPlatforms) = postSolution
		{16CA7C60-D496-40BF-BBB0-DF2D5F204C68}.Debug|Win32.ActiveCfg = Debug|Win32
		{16CA7C60-D496-40BF-BBB0-DF2D5F204C68}.Debug|Win32.Build.0 = Debug|Win32
		{16CA7C60-D496-40BF-BBB0-DF2D5F204C68}.patchdiff2|Win32.ActiveCfg = patchdiff2|Win32
		{16CA7C60-D496-40BF-BBB0-DF2D5F204C68}.patchdiff2|Win32.Build.0 = patchdiff2|Win32
		{16CA7C60-D496-40BF-BBB0-DF2D5F204C68}.patchdiff264|Win32.ActiveCfg = patchdiff264|Win32
		{16CA7C60-D496-40BF-BBB0-DF2D5F204C68}.patchdiff264|Win32.Build.0 = patchdiff264|Win32
		{16CA7C60-D496-40BF-BBB0-DF2D5F204C68}.Release|Win32.ActiveCfg = Release|Win32
		{16CA7C60-D496-40BF-BBB0-DF2D5F204C68}.Release|Win32.Build.0 = Release|Win32
	EndGlobalSection
	GlobalSection(SolutionProperties) = preSolution
		HideSolutionNode = FALSE
	EndGlobalSection
EndGlobal
