<?xml version="1.0" encoding="utf-8"?>
<Project ToolsVersion="4.0" xmlns="http://schemas.microsoft.com/developer/msbuild/2003">
  <ItemGroup>
    <Filter Include="Source Files">
      <UniqueIdentifier>{4FC737F1-C7A5-4376-A066-2A32D752A2FF}</UniqueIdentifier>
      <Extensions>cpp;c;cc;cxx;def;odl;idl;hpj;bat;asm;asmx</Extensions>
    </Filter>
    <Filter Include="Header Files">
      <UniqueIdentifier>{93995380-89BD-4b04-88EB-625FBE52EBFB}</UniqueIdentifier>
      <Extensions>h;hpp;hxx;hm;inl;inc;xsd</Extensions>
    </Filter>
    <Filter Include="Resource Files">
      <UniqueIdentifier>{67DA6AB6-F800-4c08-8B7A-83BB121AAD01}</UniqueIdentifier>
      <Extensions>rc;ico;cur;bmp;dlg;rc2;rct;bin;rgs;gif;jpg;jpeg;jpe;resx;tiff;tif;png;wav;mfcribbon-ms</Extensions>
    </Filter>
  </ItemGroup>
  <ItemGroup>
    <ClInclude Include="..\backup.hpp">
      <Filter>Header Files</Filter>
    </ClInclude>
    <ClInclude Include="..\clist.hpp">
      <Filter>Header Files</Filter>
    </ClInclude>
    <ClInclude Include="..\diff.hpp">
      <Filter>Header Files</Filter>
    </ClInclude>
    <ClInclude Include="..\display.hpp">
      <Filter>Header Files</Filter>
    </ClInclude>
    <ClInclude Include="..\hash.hpp">
      <Filter>Header Files</Filter>
    </ClInclude>
    <ClInclude Include="..\options.hpp">
      <Filter>Header Files</Filter>
    </ClInclude>
    <ClInclude Include="..\os.hpp">
      <Filter>Header Files</Filter>
    </ClInclude>
    <ClInclude Include="..\parser.hpp">
      <Filter>Header Files</Filter>
    </ClInclude>
    <ClInclude Include="..\patchdiff.hpp">
      <Filter>Header Files</Filter>
    </ClInclude>
    <ClInclude Include="..\pchart.hpp">
      <Filter>Header Files</Filter>
    </ClInclude>
    <ClInclude Include="..\pgraph.hpp">
      <Filter>Header Files</Filter>
    </ClInclude>
    <ClInclude Include="..\ppc.hpp">
      <Filter>Header Files</Filter>
    </ClInclude>
    <ClInclude Include="..\sig.hpp">
      <Filter>Header Files</Filter>
    </ClInclude>
    <ClInclude Include="..\system.hpp">
      <Filter>Header Files</Filter>
    </ClInclude>
    <ClInclude Include="..\win_fct.hpp">
      <Filter>Header Files</Filter>
    </ClInclude>
    <ClInclude Include="..\x86.hpp">
      <Filter>Header Files</Filter>
    </ClInclude>
    <ClInclude Include="..\unix_fct.hpp">
      <Filter>Header Files</Filter>
    </ClInclude>
  </ItemGroup>
  <ItemGroup>
    <ClCompile Include="..\win_fct.cpp">
      <Filter>Source Files</Filter>
    </ClCompile>
    <ClCompile Include="..\x86.cpp">
      <Filter>Source Files</Filter>
    </ClCompile>
    <ClCompile Include="..\backup.cpp">
      <Filter>Source Files</Filter>
    </ClCompile>
    <ClCompile Include="..\clist.cpp">
      <Filter>Source Files</Filter>
    </ClCompile>
    <ClCompile Include="..\diff.cpp">
      <Filter>Source Files</Filter>
    </ClCompile>
    <ClCompile Include="..\display.cpp">
      <Filter>Source Files</Filter>
    </ClCompile>
    <ClCompile Include="..\hash.cpp">
      <Filter>Source Files</Filter>
    </ClCompile>
    <ClCompile Include="..\options.cpp">
      <Filter>Source Files</Filter>
    </ClCompile>
    <ClCompile Include="..\parser.cpp">
      <Filter>Source Files</Filter>
    </ClCompile>
    <ClCompile Include="..\patchdiff.cpp">
      <Filter>Source Files</Filter>
    </ClCompile>
    <ClCompile Include="..\pchart.cpp">
      <Filter>Source Files</Filter>
    </ClCompile>
    <ClCompile Include="..\pgraph.cpp">
      <Filter>Source Files</Filter>
    </ClCompile>
    <ClCompile Include="..\ppc.cpp">
      <Filter>Source Files</Filter>
    </ClCompile>
    <ClCompile Include="..\sig.cpp">
      <Filter>Source Files</Filter>
    </ClCompile>
    <ClCompile Include="..\system.cpp">
      <Filter>Source Files</Filter>
    </ClCompile>
    <ClCompile Include="..\unix_fct.cpp">
      <Filter>Source Files</Filter>
    </ClCompile>
  </ItemGroup>
</Project>