
Microsoft Visual Studio Solution File, Format Version 12.00
# Visual Studio 2012
Project("{8BC9CEB8-8B4A-11D0-8D11-00A0C91BC942}") = "patchdiff2", "patchdiff2.vcxproj", "{CD825DE7-06F6-482D-82FE-3D20B1B04228}"
EndProject
Global
	GlobalSection(SolutionConfigurationPlatforms) = preSolution
		Debug|Win32 = Debug|Win32
		Debug64|Win32 = Debug64|Win32
		Release|Win32 = Release|Win32
		Release64|Win32 = Release64|Win32
	EndGlobalSection
	GlobalSection(ProjectConfigurationPlatforms) = postSolution
		{CD825DE7-06F6-482D-82FE-3D20B1B04228}.Debug|Win32.ActiveCfg = Debug|Win32
		{CD825DE7-06F6-482D-82FE-3D20B1B04228}.Debug|Win32.Build.0 = Debug|Win32
		{CD825DE7-06F6-482D-82FE-3D20B1B04228}.Debug64|Win32.ActiveCfg = Debug64|Win32
		{CD825DE7-06F6-482D-82FE-3D20B1B04228}.Debug64|Win32.Build.0 = Debug64|Win32
		{CD825DE7-06F6-482D-82FE-3D20B1B04228}.Release|Win32.ActiveCfg = Release|Win32
		{CD825DE7-06F6-482D-82FE-3D20B1B04228}.Release|Win32.Build.0 = Release|Win32
		{CD825DE7-06F6-482D-82FE-3D20B1B04228}.Release64|Win32.ActiveCfg = Release64|Win32
		{CD825DE7-06F6-482D-82FE-3D20B1B04228}.Release64|Win32.Build.0 = Release64|Win32
	EndGlobalSection
	GlobalSection(SolutionProperties) = preSolution
		HideSolutionNode = FALSE
	EndGlobalSection
EndGlobal
